// !$*UTF8*$!
{
	archiveVersion = 1;
	classes = {
	};
	objectVersion = 55;
	objects = {

/* Begin PBXBuildFile section */
		AB5855F527F43F8600A4C611 /* OnePanchApp.swift in Sources */ = {isa = PBXBuildFile; fileRef = AB5855F427F43F8600A4C611 /* OnePanchApp.swift */; };
		AB5855F727F43F8600A4C611 /* ContentView.swift in Sources */ = {isa = PBXBuildFile; fileRef = AB5855F627F43F8600A4C611 /* ContentView.swift */; };
		AB5855F927F43F8700A4C611 /* Assets.xcassets in Resources */ = {isa = PBXBuildFile; fileRef = AB5855F827F43F8700A4C611 /* Assets.xcassets */; };
		AB5855FC27F43F8700A4C611 /* Preview Assets.xcassets in Resources */ = {isa = PBXBuildFile; fileRef = AB5855FB27F43F8700A4C611 /* Preview Assets.xcassets */; };
		AB5855FE27F43F8700A4C611 /* Persistence.swift in Sources */ = {isa = PBXBuildFile; fileRef = AB5855FD27F43F8700A4C611 /* Persistence.swift */; };
		AB58560127F43F8700A4C611 /* OnePanch.xcdatamodeld in Sources */ = {isa = PBXBuildFile; fileRef = AB5855FF27F43F8700A4C611 /* OnePanch.xcdatamodeld */; };
		AB58560B27F43F8700A4C611 /* OnePanchTests.swift in Sources */ = {isa = PBXBuildFile; fileRef = AB58560A27F43F8700A4C611 /* OnePanchTests.swift */; };
		AB58561527F43F8700A4C611 /* OnePanchUITests.swift in Sources */ = {isa = PBXBuildFile; fileRef = AB58561427F43F8700A4C611 /* OnePanchUITests.swift */; };
		AB58561727F43F8700A4C611 /* OnePanchUITestsLaunchTests.swift in Sources */ = {isa = PBXBuildFile; fileRef = AB58561627F43F8700A4C611 /* OnePanchUITestsLaunchTests.swift */; };
		AB5A298427F455A300C9B997 /* OnePanchiOS in Frameworks */ = {isa = PBXBuildFile; productRef = AB5A298327F455A300C9B997 /* OnePanchiOS */; };
/* End PBXBuildFile section */

/* Begin PBXContainerItemProxy section */
		AB58560727F43F8700A4C611 /* PBXContainerItemProxy */ = {
			isa = PBXContainerItemProxy;
			containerPortal = AB5855E927F43F8600A4C611 /* Project object */;
			proxyType = 1;
			remoteGlobalIDString = AB5855F027F43F8600A4C611;
			remoteInfo = OnePanch;
		};
		AB58561127F43F8700A4C611 /* PBXContainerItemProxy */ = {
			isa = PBXContainerItemProxy;
			containerPortal = AB5855E927F43F8600A4C611 /* Project object */;
			proxyType = 1;
			remoteGlobalIDString = AB5855F027F43F8600A4C611;
			remoteInfo = OnePanch;
		};
/* End PBXContainerItemProxy section */

/* Begin PBXFileReference section */
		AB0BF1AE27F4554900B9A97B /* OnePanchiOS */ = {isa = PBXFileReference; lastKnownFileType = wrapper; path = OnePanchiOS; sourceTree = "<group>"; };
		AB0BF1AF27F4554B00B9A97B /* OnePanchUIKit */ = {isa = PBXFileReference; lastKnownFileType = wrapper; path = OnePanchUIKit; sourceTree = "<group>"; };
		AB0BF1B027F4554C00B9A97B /* OnePanchKit */ = {isa = PBXFileReference; lastKnownFileType = wrapper; path = OnePanchKit; sourceTree = "<group>"; };
		AB5855F127F43F8600A4C611 /* OnePanch.app */ = {isa = PBXFileReference; explicitFileType = wrapper.application; includeInIndex = 0; path = OnePanch.app; sourceTree = BUILT_PRODUCTS_DIR; };
		AB5855F427F43F8600A4C611 /* OnePanchApp.swift */ = {isa = PBXFileReference; lastKnownFileType = sourcecode.swift; path = OnePanchApp.swift; sourceTree = "<group>"; };
		AB5855F627F43F8600A4C611 /* ContentView.swift */ = {isa = PBXFileReference; lastKnownFileType = sourcecode.swift; path = ContentView.swift; sourceTree = "<group>"; };
		AB5855F827F43F8700A4C611 /* Assets.xcassets */ = {isa = PBXFileReference; lastKnownFileType = folder.assetcatalog; path = Assets.xcassets; sourceTree = "<group>"; };
		AB5855FB27F43F8700A4C611 /* Preview Assets.xcassets */ = {isa = PBXFileReference; lastKnownFileType = folder.assetcatalog; path = "Preview Assets.xcassets"; sourceTree = "<group>"; };
		AB5855FD27F43F8700A4C611 /* Persistence.swift */ = {isa = PBXFileReference; lastKnownFileType = sourcecode.swift; path = Persistence.swift; sourceTree = "<group>"; };
		AB58560027F43F8700A4C611 /* OnePanch.xcdatamodel */ = {isa = PBXFileReference; lastKnownFileType = wrapper.xcdatamodel; path = OnePanch.xcdatamodel; sourceTree = "<group>"; };
		AB58560627F43F8700A4C611 /* OnePanchTests.xctest */ = {isa = PBXFileReference; explicitFileType = wrapper.cfbundle; includeInIndex = 0; path = OnePanchTests.xctest; sourceTree = BUILT_PRODUCTS_DIR; };
		AB58560A27F43F8700A4C611 /* OnePanchTests.swift */ = {isa = PBXFileReference; lastKnownFileType = sourcecode.swift; path = OnePanchTests.swift; sourceTree = "<group>"; };
		AB58561027F43F8700A4C611 /* OnePanchUITests.xctest */ = {isa = PBXFileReference; explicitFileType = wrapper.cfbundle; includeInIndex = 0; path = OnePanchUITests.xctest; sourceTree = BUILT_PRODUCTS_DIR; };
		AB58561427F43F8700A4C611 /* OnePanchUITests.swift */ = {isa = PBXFileReference; lastKnownFileType = sourcecode.swift; path = OnePanchUITests.swift; sourceTree = "<group>"; };
		AB58561627F43F8700A4C611 /* OnePanchUITestsLaunchTests.swift */ = {isa = PBXFileReference; lastKnownFileType = sourcecode.swift; path = OnePanchUITestsLaunchTests.swift; sourceTree = "<group>"; };
/* End PBXFileReference section */

/* Begin PBXFrameworksBuildPhase section */
		AB5855EE27F43F8600A4C611 /* Frameworks */ = {
			isa = PBXFrameworksBuildPhase;
			buildActionMask = 2147483647;
			files = (
				AB5A298427F455A300C9B997 /* OnePanchiOS in Frameworks */,
			);
			runOnlyForDeploymentPostprocessing = 0;
		};
		AB58560327F43F8700A4C611 /* Frameworks */ = {
			isa = PBXFrameworksBuildPhase;
			buildActionMask = 2147483647;
			files = (
			);
			runOnlyForDeploymentPostprocessing = 0;
		};
		AB58560D27F43F8700A4C611 /* Frameworks */ = {
			isa = PBXFrameworksBuildPhase;
			buildActionMask = 2147483647;
			files = (
			);
			runOnlyForDeploymentPostprocessing = 0;
		};
/* End PBXFrameworksBuildPhase section */

/* Begin PBXGroup section */
		AB5855E827F43F8600A4C611 = {
			isa = PBXGroup;
			children = (
				AB5855F327F43F8600A4C611 /* OnePanch */,
				AB0BF1AE27F4554900B9A97B /* OnePanchiOS */,
				AB0BF1AF27F4554B00B9A97B /* OnePanchUIKit */,
				AB0BF1B027F4554C00B9A97B /* OnePanchKit */,
				AB58560927F43F8700A4C611 /* OnePanchTests */,
				AB58561327F43F8700A4C611 /* OnePanchUITests */,
				AB5855F227F43F8600A4C611 /* Products */,
				AB5A298227F455A300C9B997 /* Frameworks */,
			);
			sourceTree = "<group>";
		};
		AB5855F227F43F8600A4C611 /* Products */ = {
			isa = PBXGroup;
			children = (
				AB5855F127F43F8600A4C611 /* OnePanch.app */,
				AB58560627F43F8700A4C611 /* OnePanchTests.xctest */,
				AB58561027F43F8700A4C611 /* OnePanchUITests.xctest */,
			);
			name = Products;
			sourceTree = "<group>";
		};
		AB5855F327F43F8600A4C611 /* OnePanch */ = {
			isa = PBXGroup;
			children = (
				AB5855F427F43F8600A4C611 /* OnePanchApp.swift */,
				AB5855F627F43F8600A4C611 /* ContentView.swift */,
				AB5855F827F43F8700A4C611 /* Assets.xcassets */,
				AB5855FD27F43F8700A4C611 /* Persistence.swift */,
				AB5855FF27F43F8700A4C611 /* OnePanch.xcdatamodeld */,
				AB5855FA27F43F8700A4C611 /* Preview Content */,
			);
			path = OnePanch;
			sourceTree = "<group>";
		};
		AB5855FA27F43F8700A4C611 /* Preview Content */ = {
			isa = PBXGroup;
			children = (
				AB5855FB27F43F8700A4C611 /* Preview Assets.xcassets */,
			);
			path = "Preview Content";
			sourceTree = "<group>";
		};
		AB58560927F43F8700A4C611 /* OnePanchTests */ = {
			isa = PBXGroup;
			children = (
				AB58560A27F43F8700A4C611 /* OnePanchTests.swift */,
			);
			path = OnePanchTests;
			sourceTree = "<group>";
		};
		AB58561327F43F8700A4C611 /* OnePanchUITests */ = {
			isa = PBXGroup;
			children = (
				AB58561427F43F8700A4C611 /* OnePanchUITests.swift */,
				AB58561627F43F8700A4C611 /* OnePanchUITestsLaunchTests.swift */,
			);
			path = OnePanchUITests;
			sourceTree = "<group>";
		};
		AB5A298227F455A300C9B997 /* Frameworks */ = {
			isa = PBXGroup;
			children = (
			);
			name = Frameworks;
			sourceTree = "<group>";
		};
/* End PBXGroup section */

/* Begin PBXNativeTarget section */
		AB5855F027F43F8600A4C611 /* OnePanch */ = {
			isa = PBXNativeTarget;
			buildConfigurationList = AB58561A27F43F8700A4C611 /* Build configuration list for PBXNativeTarget "OnePanch" */;
			buildPhases = (
				AB5855ED27F43F8600A4C611 /* Sources */,
				AB5855EE27F43F8600A4C611 /* Frameworks */,
				AB5855EF27F43F8600A4C611 /* Resources */,
			);
			buildRules = (
			);
			dependencies = (
			);
			name = OnePanch;
			packageProductDependencies = (
				AB5A298327F455A300C9B997 /* OnePanchiOS */,
			);
			productName = OnePanch;
			productReference = AB5855F127F43F8600A4C611 /* OnePanch.app */;
			productType = "com.apple.product-type.application";
		};
		AB58560527F43F8700A4C611 /* OnePanchTests */ = {
			isa = PBXNativeTarget;
			buildConfigurationList = AB58561D27F43F8700A4C611 /* Build configuration list for PBXNativeTarget "OnePanchTests" */;
			buildPhases = (
				AB58560227F43F8700A4C611 /* Sources */,
				AB58560327F43F8700A4C611 /* Frameworks */,
				AB58560427F43F8700A4C611 /* Resources */,
			);
			buildRules = (
			);
			dependencies = (
				AB58560827F43F8700A4C611 /* PBXTargetDependency */,
			);
			name = OnePanchTests;
			productName = OnePanchTests;
			productReference = AB58560627F43F8700A4C611 /* OnePanchTests.xctest */;
			productType = "com.apple.product-type.bundle.unit-test";
		};
		AB58560F27F43F8700A4C611 /* OnePanchUITests */ = {
			isa = PBXNativeTarget;
			buildConfigurationList = AB58562027F43F8700A4C611 /* Build configuration list for PBXNativeTarget "OnePanchUITests" */;
			buildPhases = (
				AB58560C27F43F8700A4C611 /* Sources */,
				AB58560D27F43F8700A4C611 /* Frameworks */,
				AB58560E27F43F8700A4C611 /* Resources */,
			);
			buildRules = (
			);
			dependencies = (
				AB58561227F43F8700A4C611 /* PBXTargetDependency */,
			);
			name = OnePanchUITests;
			productName = OnePanchUITests;
			productReference = AB58561027F43F8700A4C611 /* OnePanchUITests.xctest */;
			productType = "com.apple.product-type.bundle.ui-testing";
		};
/* End PBXNativeTarget section */

/* Begin PBXProject section */
		AB5855E927F43F8600A4C611 /* Project object */ = {
			isa = PBXProject;
			attributes = {
				BuildIndependentTargetsInParallel = 1;
				LastSwiftUpdateCheck = 1320;
				LastUpgradeCheck = 1320;
				TargetAttributes = {
					AB5855F027F43F8600A4C611 = {
						CreatedOnToolsVersion = 13.2.1;
					};
					AB58560527F43F8700A4C611 = {
						CreatedOnToolsVersion = 13.2.1;
						TestTargetID = AB5855F027F43F8600A4C611;
					};
					AB58560F27F43F8700A4C611 = {
						CreatedOnToolsVersion = 13.2.1;
						TestTargetID = AB5855F027F43F8600A4C611;
					};
				};
			};
			buildConfigurationList = AB5855EC27F43F8600A4C611 /* Build configuration list for PBXProject "OnePanch" */;
			compatibilityVersion = "Xcode 13.0";
			developmentRegion = en;
			hasScannedForEncodings = 0;
			knownRegions = (
				en,
				Base,
			);
			mainGroup = AB5855E827F43F8600A4C611;
			productRefGroup = AB5855F227F43F8600A4C611 /* Products */;
			projectDirPath = "";
			projectRoot = "";
			targets = (
				AB5855F027F43F8600A4C611 /* OnePanch */,
				AB58560527F43F8700A4C611 /* OnePanchTests */,
				AB58560F27F43F8700A4C611 /* OnePanchUITests */,
			);
		};
/* End PBXProject section */

/* Begin PBXResourcesBuildPhase section */
		AB5855EF27F43F8600A4C611 /* Resources */ = {
			isa = PBXResourcesBuildPhase;
			buildActionMask = 2147483647;
			files = (
				AB5855FC27F43F8700A4C611 /* Preview Assets.xcassets in Resources */,
				AB5855F927F43F8700A4C611 /* Assets.xcassets in Resources */,
			);
			runOnlyForDeploymentPostprocessing = 0;
		};
		AB58560427F43F8700A4C611 /* Resources */ = {
			isa = PBXResourcesBuildPhase;
			buildActionMask = 2147483647;
			files = (
			);
			runOnlyForDeploymentPostprocessing = 0;
		};
		AB58560E27F43F8700A4C611 /* Resources */ = {
			isa = PBXResourcesBuildPhase;
			buildActionMask = 2147483647;
			files = (
			);
			runOnlyForDeploymentPostprocessing = 0;
		};
/* End PBXResourcesBuildPhase section */

/* Begin PBXSourcesBuildPhase section */
		AB5855ED27F43F8600A4C611 /* Sources */ = {
			isa = PBXSourcesBuildPhase;
			buildActionMask = 2147483647;
			files = (
				AB5855FE27F43F8700A4C611 /* Persistence.swift in Sources */,
				AB58560127F43F8700A4C611 /* OnePanch.xcdatamodeld in Sources */,
				AB5855F727F43F8600A4C611 /* ContentView.swift in Sources */,
				AB5855F527F43F8600A4C611 /* OnePanchApp.swift in Sources */,
			);
			runOnlyForDeploymentPostprocessing = 0;
		};
		AB58560227F43F8700A4C611 /* Sources */ = {
			isa = PBXSourcesBuildPhase;
			buildActionMask = 2147483647;
			files = (
				AB58560B27F43F8700A4C611 /* OnePanchTests.swift in Sources */,
			);
			runOnlyForDeploymentPostprocessing = 0;
		};
		AB58560C27F43F8700A4C611 /* Sources */ = {
			isa = PBXSourcesBuildPhase;
			buildActionMask = 2147483647;
			files = (
				AB58561727F43F8700A4C611 /* OnePanchUITestsLaunchTests.swift in Sources */,
				AB58561527F43F8700A4C611 /* OnePanchUITests.swift in Sources */,
			);
			runOnlyForDeploymentPostprocessing = 0;
		};
/* End PBXSourcesBuildPhase section */

/* Begin PBXTargetDependency section */
		AB58560827F43F8700A4C611 /* PBXTargetDependency */ = {
			isa = PBXTargetDependency;
			target = AB5855F027F43F8600A4C611 /* OnePanch */;
			targetProxy = AB58560727F43F8700A4C611 /* PBXContainerItemProxy */;
		};
		AB58561227F43F8700A4C611 /* PBXTargetDependency */ = {
			isa = PBXTargetDependency;
			target = AB5855F027F43F8600A4C611 /* OnePanch */;
			targetProxy = AB58561127F43F8700A4C611 /* PBXContainerItemProxy */;
		};
/* End PBXTargetDependency section */

/* Begin XCBuildConfiguration section */
		AB58561827F43F8700A4C611 /* Debug */ = {
			isa = XCBuildConfiguration;
			buildSettings = {
				ALWAYS_SEARCH_USER_PATHS = NO;
				CLANG_ANALYZER_NONNULL = YES;
				CLANG_ANALYZER_NUMBER_OBJECT_CONVERSION = YES_AGGRESSIVE;
				CLANG_CXX_LANGUAGE_STANDARD = "gnu++17";
				CLANG_CXX_LIBRARY = "libc++";
				CLANG_ENABLE_MODULES = YES;
				CLANG_ENABLE_OBJC_ARC = YES;
				CLANG_ENABLE_OBJC_WEAK = YES;
				CLANG_WARN_BLOCK_CAPTURE_AUTORELEASING = YES;
				CLANG_WARN_BOOL_CONVERSION = YES;
				CLANG_WARN_COMMA = YES;
				CLANG_WARN_CONSTANT_CONVERSION = YES;
				CLANG_WARN_DEPRECATED_OBJC_IMPLEMENTATIONS = YES;
				CLANG_WARN_DIRECT_OBJC_ISA_USAGE = YES_ERROR;
				CLANG_WARN_DOCUMENTATION_COMMENTS = YES;
				CLANG_WARN_EMPTY_BODY = YES;
				CLANG_WARN_ENUM_CONVERSION = YES;
				CLANG_WARN_INFINITE_RECURSION = YES;
				CLANG_WARN_INT_CONVERSION = YES;
				CLANG_WARN_NON_LITERAL_NULL_CONVERSION = YES;
				CLANG_WARN_OBJC_IMPLICIT_RETAIN_SELF = YES;
				CLANG_WARN_OBJC_LITERAL_CONVERSION = YES;
				CLANG_WARN_OBJC_ROOT_CLASS = YES_ERROR;
				CLANG_WARN_QUOTED_INCLUDE_IN_FRAMEWORK_HEADER = YES;
				CLANG_WARN_RANGE_LOOP_ANALYSIS = YES;
				CLANG_WARN_STRICT_PROTOTYPES = YES;
				CLANG_WARN_SUSPICIOUS_MOVE = YES;
				CLANG_WARN_UNGUARDED_AVAILABILITY = YES_AGGRESSIVE;
				CLANG_WARN_UNREACHABLE_CODE = YES;
				CLANG_WARN__DUPLICATE_METHOD_MATCH = YES;
				COPY_PHASE_STRIP = NO;
				DEBUG_INFORMATION_FORMAT = dwarf;
				ENABLE_STRICT_OBJC_MSGSEND = YES;
				ENABLE_TESTABILITY = YES;
				GCC_C_LANGUAGE_STANDARD = gnu11;
				GCC_DYNAMIC_NO_PIC = NO;
				GCC_NO_COMMON_BLOCKS = YES;
				GCC_OPTIMIZATION_LEVEL = 0;
				GCC_PREPROCESSOR_DEFINITIONS = (
					"DEBUG=1",
					"$(inherited)",
				);
				GCC_WARN_64_TO_32_BIT_CONVERSION = YES;
				GCC_WARN_ABOUT_RETURN_TYPE = YES_ERROR;
				GCC_WARN_UNDECLARED_SELECTOR = YES;
				GCC_WARN_UNINITIALIZED_AUTOS = YES_AGGRESSIVE;
				GCC_WARN_UNUSED_FUNCTION = YES;
				GCC_WARN_UNUSED_VARIABLE = YES;
				IPHONEOS_DEPLOYMENT_TARGET = 15.2;
				MTL_ENABLE_DEBUG_INFO = INCLUDE_SOURCE;
				MTL_FAST_MATH = YES;
				ONLY_ACTIVE_ARCH = YES;
				SDKROOT = iphoneos;
				SWIFT_ACTIVE_COMPILATION_CONDITIONS = DEBUG;
				SWIFT_OPTIMIZATION_LEVEL = "-Onone";
			};
			name = Debug;
		};
		AB58561927F43F8700A4C611 /* Release */ = {
			isa = XCBuildConfiguration;
			buildSettings = {
				ALWAYS_SEARCH_USER_PATHS = NO;
				CLANG_ANALYZER_NONNULL = YES;
				CLANG_ANALYZER_NUMBER_OBJECT_CONVERSION = YES_AGGRESSIVE;
				CLANG_CXX_LANGUAGE_STANDARD = "gnu++17";
				CLANG_CXX_LIBRARY = "libc++";
				CLANG_ENABLE_MODULES = YES;
				CLANG_ENABLE_OBJC_ARC = YES;
				CLANG_ENABLE_OBJC_WEAK = YES;
				CLANG_WARN_BLOCK_CAPTURE_AUTORELEASING = YES;
				CLANG_WARN_BOOL_CONVERSION = YES;
				CLANG_WARN_COMMA = YES;
				CLANG_WARN_CONSTANT_CONVERSION = YES;
				CLANG_WARN_DEPRECATED_OBJC_IMPLEMENTATIONS = YES;
				CLANG_WARN_DIRECT_OBJC_ISA_USAGE = YES_ERROR;
				CLANG_WARN_DOCUMENTATION_COMMENTS = YES;
				CLANG_WARN_EMPTY_BODY = YES;
				CLANG_WARN_ENUM_CONVERSION = YES;
				CLANG_WARN_INFINITE_RECURSION = YES;
				CLANG_WARN_INT_CONVERSION = YES;
				CLANG_WARN_NON_LITERAL_NULL_CONVERSION = YES;
				CLANG_WARN_OBJC_IMPLICIT_RETAIN_SELF = YES;
				CLANG_WARN_OBJC_LITERAL_CONVERSION = YES;
				CLANG_WARN_OBJC_ROOT_CLASS = YES_ERROR;
				CLANG_WARN_QUOTED_INCLUDE_IN_FRAMEWORK_HEADER = YES;
				CLANG_WARN_RANGE_LOOP_ANALYSIS = YES;
				CLANG_WARN_STRICT_PROTOTYPES = YES;
				CLANG_WARN_SUSPICIOUS_MOVE = YES;
				CLANG_WARN_UNGUARDED_AVAILABILITY = YES_AGGRESSIVE;
				CLANG_WARN_UNREACHABLE_CODE = YES;
				CLANG_WARN__DUPLICATE_METHOD_MATCH = YES;
				COPY_PHASE_STRIP = NO;
				DEBUG_INFORMATION_FORMAT = "dwarf-with-dsym";
				ENABLE_NS_ASSERTIONS = NO;
				ENABLE_STRICT_OBJC_MSGSEND = YES;
				GCC_C_LANGUAGE_STANDARD = gnu11;
				GCC_NO_COMMON_BLOCKS = YES;
				GCC_WARN_64_TO_32_BIT_CONVERSION = YES;
				GCC_WARN_ABOUT_RETURN_TYPE = YES_ERROR;
				GCC_WARN_UNDECLARED_SELECTOR = YES;
				GCC_WARN_UNINITIALIZED_AUTOS = YES_AGGRESSIVE;
				GCC_WARN_UNUSED_FUNCTION = YES;
				GCC_WARN_UNUSED_VARIABLE = YES;
				IPHONEOS_DEPLOYMENT_TARGET = 15.2;
				MTL_ENABLE_DEBUG_INFO = NO;
				MTL_FAST_MATH = YES;
				SDKROOT = iphoneos;
				SWIFT_COMPILATION_MODE = wholemodule;
				SWIFT_OPTIMIZATION_LEVEL = "-O";
				VALIDATE_PRODUCT = YES;
			};
			name = Release;
		};
		AB58561B27F43F8700A4C611 /* Debug */ = {
			isa = XCBuildConfiguration;
			buildSettings = {
				ASSETCATALOG_COMPILER_APPICON_NAME = AppIcon;
				ASSETCATALOG_COMPILER_GLOBAL_ACCENT_COLOR_NAME = AccentColor;
				CODE_SIGN_STYLE = Automatic;
				CURRENT_PROJECT_VERSION = 1;
				DEVELOPMENT_ASSET_PATHS = "\"OnePanch/Preview Content\"";
				DEVELOPMENT_TEAM = BBD9R4HKY2;
				ENABLE_PREVIEWS = YES;
				GENERATE_INFOPLIST_FILE = YES;
				INFOPLIST_KEY_UIApplicationSceneManifest_Generation = YES;
				INFOPLIST_KEY_UIApplicationSupportsIndirectInputEvents = YES;
				INFOPLIST_KEY_UILaunchScreen_Generation = YES;
				INFOPLIST_KEY_UISupportedInterfaceOrientations_iPad = "UIInterfaceOrientationPortrait UIInterfaceOrientationPortraitUpsideDown UIInterfaceOrientationLandscapeLeft UIInterfaceOrientationLandscapeRight";
				INFOPLIST_KEY_UISupportedInterfaceOrientations_iPhone = "UIInterfaceOrientationPortrait UIInterfaceOrientationLandscapeLeft UIInterfaceOrientationLandscapeRight";
				LD_RUNPATH_SEARCH_PATHS = (
					"$(inherited)",
					"@executable_path/Frameworks",
				);
				MARKETING_VERSION = 1.0;
				PRODUCT_BUNDLE_IDENTIFIER = com.challenge.OnePanch;
				PRODUCT_NAME = "$(TARGET_NAME)";
				SWIFT_EMIT_LOC_STRINGS = YES;
				SWIFT_VERSION = 5.0;
				TARGETED_DEVICE_FAMILY = "1,2";
			};
			name = Debug;
		};
		AB58561C27F43F8700A4C611 /* Release */ = {
			isa = XCBuildConfiguration;
			buildSettings = {
				ASSETCATALOG_COMPILER_APPICON_NAME = AppIcon;
				ASSETCATALOG_COMPILER_GLOBAL_ACCENT_COLOR_NAME = AccentColor;
				CODE_SIGN_STYLE = Automatic;
				CURRENT_PROJECT_VERSION = 1;
				DEVELOPMENT_ASSET_PATHS = "\"OnePanch/Preview Content\"";
				DEVELOPMENT_TEAM = BBD9R4HKY2;
				ENABLE_PREVIEWS = YES;
				GENERATE_INFOPLIST_FILE = YES;
				INFOPLIST_KEY_UIApplicationSceneManifest_Generation = YES;
				INFOPLIST_KEY_UIApplicationSupportsIndirectInputEvents = YES;
				INFOPLIST_KEY_UILaunchScreen_Generation = YES;
				INFOPLIST_KEY_UISupportedInterfaceOrientations_iPad = "UIInterfaceOrientationPortrait UIInterfaceOrientationPortraitUpsideDown UIInterfaceOrientationLandscapeLeft UIInterfaceOrientationLandscapeRight";
				INFOPLIST_KEY_UISupportedInterfaceOrientations_iPhone = "UIInterfaceOrientationPortrait UIInterfaceOrientationLandscapeLeft UIInterfaceOrientationLandscapeRight";
				LD_RUNPATH_SEARCH_PATHS = (
					"$(inherited)",
					"@executable_path/Frameworks",
				);
				MARKETING_VERSION = 1.0;
				PRODUCT_BUNDLE_IDENTIFIER = com.challenge.OnePanch;
				PRODUCT_NAME = "$(TARGET_NAME)";
				SWIFT_EMIT_LOC_STRINGS = YES;
				SWIFT_VERSION = 5.0;
				TARGETED_DEVICE_FAMILY = "1,2";
			};
			name = Release;
		};
		AB58561E27F43F8700A4C611 /* Debug */ = {
			isa = XCBuildConfiguration;
			buildSettings = {
				ALWAYS_EMBED_SWIFT_STANDARD_LIBRARIES = YES;
				BUNDLE_LOADER = "$(TEST_HOST)";
				CODE_SIGN_STYLE = Automatic;
				CURRENT_PROJECT_VERSION = 1;
				DEVELOPMENT_TEAM = BBD9R4HKY2;
				GENERATE_INFOPLIST_FILE = YES;
				IPHONEOS_DEPLOYMENT_TARGET = 15.2;
				MARKETING_VERSION = 1.0;
				PRODUCT_BUNDLE_IDENTIFIER = com.challenge.OnePanchTests;
				PRODUCT_NAME = "$(TARGET_NAME)";
				SWIFT_EMIT_LOC_STRINGS = NO;
				SWIFT_VERSION = 5.0;
				TARGETED_DEVICE_FAMILY = "1,2";
				TEST_HOST = "$(BUILT_PRODUCTS_DIR)/OnePanch.app/OnePanch";
			};
			name = Debug;
		};
		AB58561F27F43F8700A4C611 /* Release */ = {
			isa = XCBuildConfiguration;
			buildSettings = {
				ALWAYS_EMBED_SWIFT_STANDARD_LIBRARIES = YES;
				BUNDLE_LOADER = "$(TEST_HOST)";
				CODE_SIGN_STYLE = Automatic;
				CURRENT_PROJECT_VERSION = 1;
				DEVELOPMENT_TEAM = BBD9R4HKY2;
				GENERATE_INFOPLIST_FILE = YES;
				IPHONEOS_DEPLOYMENT_TARGET = 15.2;
				MARKETING_VERSION = 1.0;
				PRODUCT_BUNDLE_IDENTIFIER = com.challenge.OnePanchTests;
				PRODUCT_NAME = "$(TARGET_NAME)";
				SWIFT_EMIT_LOC_STRINGS = NO;
				SWIFT_VERSION = 5.0;
				TARGETED_DEVICE_FAMILY = "1,2";
				TEST_HOST = "$(BUILT_PRODUCTS_DIR)/OnePanch.app/OnePanch";
			};
			name = Release;
		};
		AB58562127F43F8700A4C611 /* Debug */ = {
			isa = XCBuildConfiguration;
			buildSettings = {
				ALWAYS_EMBED_SWIFT_STANDARD_LIBRARIES = YES;
				CODE_SIGN_STYLE = Automatic;
				CURRENT_PROJECT_VERSION = 1;
				DEVELOPMENT_TEAM = BBD9R4HKY2;
				GENERATE_INFOPLIST_FILE = YES;
				MARKETING_VERSION = 1.0;
				PRODUCT_BUNDLE_IDENTIFIER = com.challenge.OnePanchUITests;
				PRODUCT_NAME = "$(TARGET_NAME)";
				SWIFT_EMIT_LOC_STRINGS = NO;
				SWIFT_VERSION = 5.0;
				TARGETED_DEVICE_FAMILY = "1,2";
				TEST_TARGET_NAME = OnePanch;
			};
			name = Debug;
		};
		AB58562227F43F8700A4C611 /* Release */ = {
			isa = XCBuildConfiguration;
			buildSettings = {
				ALWAYS_EMBED_SWIFT_STANDARD_LIBRARIES = YES;
				CODE_SIGN_STYLE = Automatic;
				CURRENT_PROJECT_VERSION = 1;
				DEVELOPMENT_TEAM = BBD9R4HKY2;
				GENERATE_INFOPLIST_FILE = YES;
				MARKETING_VERSION = 1.0;
				PRODUCT_BUNDLE_IDENTIFIER = com.challenge.OnePanchUITests;
				PRODUCT_NAME = "$(TARGET_NAME)";
				SWIFT_EMIT_LOC_STRINGS = NO;
				SWIFT_VERSION = 5.0;
				TARGETED_DEVICE_FAMILY = "1,2";
				TEST_TARGET_NAME = OnePanch;
			};
			name = Release;
		};
/* End XCBuildConfiguration section */

/* Begin XCConfigurationList section */
		AB5855EC27F43F8600A4C611 /* Build configuration list for PBXProject "OnePanch" */ = {
			isa = XCConfigurationList;
			buildConfigurations = (
				AB58561827F43F8700A4C611 /* Debug */,
				AB58561927F43F8700A4C611 /* Release */,
			);
			defaultConfigurationIsVisible = 0;
			defaultConfigurationName = Release;
		};
		AB58561A27F43F8700A4C611 /* Build configuration list for PBXNativeTarget "OnePanch" */ = {
			isa = XCConfigurationList;
			buildConfigurations = (
				AB58561B27F43F8700A4C611 /* Debug */,
				AB58561C27F43F8700A4C611 /* Release */,
			);
			defaultConfigurationIsVisible = 0;
			defaultConfigurationName = Release;
		};
		AB58561D27F43F8700A4C611 /* Build configuration list for PBXNativeTarget "OnePanchTests" */ = {
			isa = XCConfigurationList;
			buildConfigurations = (
				AB58561E27F43F8700A4C611 /* Debug */,
				AB58561F27F43F8700A4C611 /* Release */,
			);
			defaultConfigurationIsVisible = 0;
			defaultConfigurationName = Release;
		};
		AB58562027F43F8700A4C611 /* Build configuration list for PBXNativeTarget "OnePanchUITests" */ = {
			isa = XCConfigurationList;
			buildConfigurations = (
				AB58562127F43F8700A4C611 /* Debug */,
				AB58562227F43F8700A4C611 /* Release */,
			);
			defaultConfigurationIsVisible = 0;
			defaultConfigurationName = Release;
		};
/* End XCConfigurationList section */

/* Begin XCSwiftPackageProductDependency section */
		AB5A298327F455A300C9B997 /* OnePanchiOS */ = {
			isa = XCSwiftPackageProductDependency;
			productName = OnePanchiOS;
		};
/* End XCSwiftPackageProductDependency section */

/* Begin XCVersionGroup section */
		AB5855FF27F43F8700A4C611 /* OnePanch.xcdatamodeld */ = {
			isa = XCVersionGroup;
			children = (
				AB58560027F43F8700A4C611 /* OnePanch.xcdatamodel */,
			);
			currentVersion = AB58560027F43F8700A4C611 /* OnePanch.xcdatamodel */;
			path = OnePanch.xcdatamodeld;
			sourceTree = "<group>";
			versionGroupType = wrapper.xcdatamodel;
		};
/* End XCVersionGroup section */
	};
	rootObject = AB5855E927F43F8600A4C611 /* Project object */;
}
